Microsoft Visual Studio Solution File, Format Version 12.00
# Visual Studio 2012
Project("{FAE04EC0-301F-11D3-BF4B-00C04F79EFBC}") = "Game1", "Game1\Game1\Game1.csproj", "{529A2029-70CC-4820-8BA7-AFBE17B0CF6A}"
	ProjectSection(ProjectDependencies) = postProject
		{616035D5-3927-44CD-BD41-2EEE846AC3A3} = {616035D5-3927-44CD-BD41-2EEE846AC3A3}
		{22C89AF2-E1CF-4976-91B9-7D33773DC6E7} = {22C89AF2-E1CF-4976-91B9-7D33773DC6E7}
	EndProjectSection
EndProject
Project("{FAE04EC0-301F-11D3-BF4B-00C04F79EFBC}") = "Game1Content", "Game1\Game1Content\Game1Content.contentproj", "{2F267F79-84E8-480E-A0A9-14CE0367A4D5}"
EndProject
Project("{FAE04EC0-301F-11D3-BF4B-00C04F79EFBC}") = "TTengine", "TTengine\TTengine.csproj", "{616035D5-3927-44CD-BD41-2EEE846AC3A3}"
	ProjectSection(ProjectDependencies) = postProject
		{22C89AF2-E1CF-4976-91B9-7D33773DC6E7} = {22C89AF2-E1CF-4976-91B9-7D33773DC6E7}
	EndProjectSection
EndProject
Project("{FAE04EC0-301F-11D3-BF4B-00C04F79EFBC}") = "TTMusicEngine", "TTMusicEngine\TTMusicEngine.csproj", "{CB99D0C9-FD0E-4B90-91BD-7D5816B38A2C}"
EndProject
Project("{FAE04EC0-301F-11D3-BF4B-00C04F79EFBC}") = "Artemis", "Artemis_XNA_INDEPENDENT\Artemis.csproj", "{22C89AF2-E1CF-4976-91B9-7D33773DC6E7}"
EndProject
Project("{FAE04EC0-301F-11D3-BF4B-00C04F79EFBC}") = "TTengineTest", "TTengineTest\TTengineTest\TTengineTest.csproj", "{2A052893-E00B-4EE3-BE8B-C249B40027FF}"
EndProject
Project("{FAE04EC0-301F-11D3-BF4B-00C04F79EFBC}") = "TTengineTestContent", "TTengineTest\TTengineTestContent\TTengineTestContent.contentproj", "{4FA7EE8F-105B-43D0-89BF-1DE3383210D4}"
EndProject
Global
	GlobalSection(SolutionConfigurationPlatforms) = preSolution
		Android|Any CPU = Android|Any CPU
		Android|Mixed Platforms = Android|Mixed Platforms
		Android|x86 = Android|x86
		Debug|Any CPU = Debug|Any CPU
		Debug|Mixed Platforms = Debug|Mixed Platforms
		Debug|x86 = Debug|x86
		iOS|Any CPU = iOS|Any CPU
		iOS|Mixed Platforms = iOS|Mixed Platforms
		iOS|x86 = iOS|x86
		Linux|Any CPU = Linux|Any CPU
		Linux|Mixed Platforms = Linux|Mixed Platforms
		Linux|x86 = Linux|x86
		OSX|Any CPU = OSX|Any CPU
		OSX|Mixed Platforms = OSX|Mixed Platforms
		OSX|x86 = OSX|x86
		Profile|Any CPU = Profile|Any CPU
		Profile|Mixed Platforms = Profile|Mixed Platforms
		Profile|x86 = Profile|x86
		PSM|Any CPU = PSM|Any CPU
		PSM|Mixed Platforms = PSM|Mixed Platforms
		PSM|x86 = PSM|x86
		Release|Any CPU = Release|Any CPU
		Release|Mixed Platforms = Release|Mixed Platforms
		Release|x86 = Release|x86
		Windows|Any CPU = Windows|Any CPU
		Windows|Mixed Platforms = Windows|Mixed Platforms
		Windows|x86 = Windows|x86
		Windows8|Any CPU = Windows8|Any CPU
		Windows8|Mixed Platforms = Windows8|Mixed Platforms
		Windows8|x86 = Windows8|x86
	EndGlobalSection
	GlobalSection(ProjectConfigurationPlatforms) = postSolution
		{529A2029-70CC-4820-8BA7-AFBE17B0CF6A}.Android|Any CPU.ActiveCfg = Release|x86
		{529A2029-70CC-4820-8BA7-AFBE17B0CF6A}.Android|Mixed Platforms.ActiveCfg = Release|x86
		{529A2029-70CC-4820-8BA7-AFBE17B0CF6A}.Android|Mixed Platforms.Build.0 = Release|x86
		{529A2029-70CC-4820-8BA7-AFBE17B0CF6A}.Android|x86.ActiveCfg = Release|x86
		{529A2029-70CC-4820-8BA7-AFBE17B0CF6A}.Android|x86.Build.0 = Release|x86
		{529A2029-70CC-4820-8BA7-AFBE17B0CF6A}.Debug|Any CPU.ActiveCfg = Debug|x86
		{529A2029-70CC-4820-8BA7-AFBE17B0CF6A}.Debug|Mixed Platforms.ActiveCfg = Debug|x86
		{529A2029-70CC-4820-8BA7-AFBE17B0CF6A}.Debug|Mixed Platforms.Build.0 = Debug|x86
		{529A2029-70CC-4820-8BA7-AFBE17B0CF6A}.Debug|x86.ActiveCfg = Debug|x86
		{529A2029-70CC-4820-8BA7-AFBE17B0CF6A}.Debug|x86.Build.0 = Debug|x86
		{529A2029-70CC-4820-8BA7-AFBE17B0CF6A}.iOS|Any CPU.ActiveCfg = Release|x86
		{529A2029-70CC-4820-8BA7-AFBE17B0CF6A}.iOS|Mixed Platforms.ActiveCfg = Release|x86
		{529A2029-70CC-4820-8BA7-AFBE17B0CF6A}.iOS|Mixed Platforms.Build.0 = Release|x86
		{529A2029-70CC-4820-8BA7-AFBE17B0CF6A}.iOS|x86.ActiveCfg = Release|x86
		{529A2029-70CC-4820-8BA7-AFBE17B0CF6A}.iOS|x86.Build.0 = Release|x86
		{529A2029-70CC-4820-8BA7-AFBE17B0CF6A}.Linux|Any CPU.ActiveCfg = Release|x86
		{529A2029-70CC-4820-8BA7-AFBE17B0CF6A}.Linux|Mixed Platforms.ActiveCfg = Release|x86
		{529A2029-70CC-4820-8BA7-AFBE17B0CF6A}.Linux|Mixed Platforms.Build.0 = Release|x86
		{529A2029-70CC-4820-8BA7-AFBE17B0CF6A}.Linux|x86.ActiveCfg = Release|x86
		{529A2029-70CC-4820-8BA7-AFBE17B0CF6A}.Linux|x86.Build.0 = Release|x86
		{529A2029-70CC-4820-8BA7-AFBE17B0CF6A}.OSX|Any CPU.ActiveCfg = Release|x86
		{529A2029-70CC-4820-8BA7-AFBE17B0CF6A}.OSX|Mixed Platforms.ActiveCfg = Release|x86
		{529A2029-70CC-4820-8BA7-AFBE17B0CF6A}.OSX|Mixed Platforms.Build.0 = Release|x86
		{529A2029-70CC-4820-8BA7-AFBE17B0CF6A}.OSX|x86.ActiveCfg = Release|x86
		{529A2029-70CC-4820-8BA7-AFBE17B0CF6A}.OSX|x86.Build.0 = Release|x86
		{529A2029-70CC-4820-8BA7-AFBE17B0CF6A}.Profile|Any CPU.ActiveCfg = Release|x86
		{529A2029-70CC-4820-8BA7-AFBE17B0CF6A}.Profile|Mixed Platforms.ActiveCfg = Release|x86
		{529A2029-70CC-4820-8BA7-AFBE17B0CF6A}.Profile|Mixed Platforms.Build.0 = Release|x86
		{529A2029-70CC-4820-8BA7-AFBE17B0CF6A}.Profile|x86.ActiveCfg = Release|x86
		{529A2029-70CC-4820-8BA7-AFBE17B0CF6A}.Profile|x86.Build.0 = Release|x86
		{529A2029-70CC-4820-8BA7-AFBE17B0CF6A}.PSM|Any CPU.ActiveCfg = Release|x86
		{529A2029-70CC-4820-8BA7-AFBE17B0CF6A}.PSM|Mixed Platforms.ActiveCfg = Release|x86
		{529A2029-70CC-4820-8BA7-AFBE17B0CF6A}.PSM|Mixed Platforms.Build.0 = Release|x86
		{529A2029-70CC-4820-8BA7-AFBE17B0CF6A}.PSM|x86.ActiveCfg = Release|x86
		{529A2029-70CC-4820-8BA7-AFBE17B0CF6A}.PSM|x86.Build.0 = Release|x86
		{529A2029-70CC-4820-8BA7-AFBE17B0CF6A}.Release|Any CPU.ActiveCfg = Release|x86
		{529A2029-70CC-4820-8BA7-AFBE17B0CF6A}.Release|Mixed Platforms.ActiveCfg = Release|x86
		{529A2029-70CC-4820-8BA7-AFBE17B0CF6A}.Release|Mixed Platforms.Build.0 = Release|x86
		{529A2029-70CC-4820-8BA7-AFBE17B0CF6A}.Release|x86.ActiveCfg = Release|x86
		{529A2029-70CC-4820-8BA7-AFBE17B0CF6A}.Release|x86.Build.0 = Release|x86
		{529A2029-70CC-4820-8BA7-AFBE17B0CF6A}.Windows|Any CPU.ActiveCfg = Release|x86
		{529A2029-70CC-4820-8BA7-AFBE17B0CF6A}.Windows|Mixed Platforms.ActiveCfg = Release|x86
		{529A2029-70CC-4820-8BA7-AFBE17B0CF6A}.Windows|Mixed Platforms.Build.0 = Release|x86
		{529A2029-70CC-4820-8BA7-AFBE17B0CF6A}.Windows|x86.ActiveCfg = Release|x86
		{529A2029-70CC-4820-8BA7-AFBE17B0CF6A}.Windows|x86.Build.0 = Release|x86
		{529A2029-70CC-4820-8BA7-AFBE17B0CF6A}.Windows8|Any CPU.ActiveCfg = Release|x86
		{529A2029-70CC-4820-8BA7-AFBE17B0CF6A}.Windows8|Mixed Platforms.ActiveCfg = Release|x86
		{529A2029-70CC-4820-8BA7-AFBE17B0CF6A}.Windows8|Mixed Platforms.Build.0 = Release|x86
		{529A2029-70CC-4820-8BA7-AFBE17B0CF6A}.Windows8|x86.ActiveCfg = Release|x86
		{529A2029-70CC-4820-8BA7-AFBE17B0CF6A}.Windows8|x86.Build.0 = Release|x86
		{2F267F79-84E8-480E-A0A9-14CE0367A4D5}.Android|Any CPU.ActiveCfg = Release|x86
		{2F267F79-84E8-480E-A0A9-14CE0367A4D5}.Android|Mixed Platforms.ActiveCfg = Release|x86
		{2F267F79-84E8-480E-A0A9-14CE0367A4D5}.Android|x86.ActiveCfg = Release|x86
		{2F267F79-84E8-480E-A0A9-14CE0367A4D5}.Debug|Any CPU.ActiveCfg = Debug|x86
		{2F267F79-84E8-480E-A0A9-14CE0367A4D5}.Debug|Mixed Platforms.ActiveCfg = Debug|x86
		{2F267F79-84E8-480E-A0A9-14CE0367A4D5}.Debug|x86.ActiveCfg = Debug|x86
		{2F267F79-84E8-480E-A0A9-14CE0367A4D5}.iOS|Any CPU.ActiveCfg = Release|x86
		{2F267F79-84E8-480E-A0A9-14CE0367A4D5}.iOS|Mixed Platforms.ActiveCfg = Release|x86
		{2F267F79-84E8-480E-A0A9-14CE0367A4D5}.iOS|x86.ActiveCfg = Release|x86
		{2F267F79-84E8-480E-A0A9-14CE0367A4D5}.Linux|Any CPU.ActiveCfg = Release|x86
		{2F267F79-84E8-480E-A0A9-14CE0367A4D5}.Linux|Mixed Platforms.ActiveCfg = Release|x86
		{2F267F79-84E8-480E-A0A9-14CE0367A4D5}.Linux|x86.ActiveCfg = Release|x86
		{2F267F79-84E8-480E-A0A9-14CE0367A4D5}.OSX|Any CPU.ActiveCfg = Release|x86
		{2F267F79-84E8-480E-A0A9-14CE0367A4D5}.OSX|Mixed Platforms.ActiveCfg = Release|x86
		{2F267F79-84E8-480E-A0A9-14CE0367A4D5}.OSX|x86.ActiveCfg = Release|x86
		{2F267F79-84E8-480E-A0A9-14CE0367A4D5}.Profile|Any CPU.ActiveCfg = Release|x86
		{2F267F79-84E8-480E-A0A9-14CE0367A4D5}.Profile|Mixed Platforms.ActiveCfg = Release|x86
		{2F267F79-84E8-480E-A0A9-14CE0367A4D5}.Profile|x86.ActiveCfg = Release|x86
		{2F267F79-84E8-480E-A0A9-14CE0367A4D5}.PSM|Any CPU.ActiveCfg = Release|x86
		{2F267F79-84E8-480E-A0A9-14CE0367A4D5}.PSM|Mixed Platforms.ActiveCfg = Release|x86
		{2F267F79-84E8-480E-A0A9-14CE0367A4D5}.PSM|x86.ActiveCfg = Release|x86
		{2F267F79-84E8-480E-A0A9-14CE0367A4D5}.Release|Any CPU.ActiveCfg = Release|x86
		{2F267F79-84E8-480E-A0A9-14CE0367A4D5}.Release|Mixed Platforms.ActiveCfg = Release|x86
		{2F267F79-84E8-480E-A0A9-14CE0367A4D5}.Release|x86.ActiveCfg = Release|x86
		{2F267F79-84E8-480E-A0A9-14CE0367A4D5}.Windows|Any CPU.ActiveCfg = Release|x86
		{2F267F79-84E8-480E-A0A9-14CE0367A4D5}.Windows|Mixed Platforms.ActiveCfg = Release|x86
		{2F267F79-84E8-480E-A0A9-14CE0367A4D5}.Windows|x86.ActiveCfg = Release|x86
		{2F267F79-84E8-480E-A0A9-14CE0367A4D5}.Windows8|Any CPU.ActiveCfg = Release|x86
		{2F267F79-84E8-480E-A0A9-14CE0367A4D5}.Windows8|Mixed Platforms.ActiveCfg = Release|x86
		{2F267F79-84E8-480E-A0A9-14CE0367A4D5}.Windows8|x86.ActiveCfg = Release|x86
		{616035D5-3927-44CD-BD41-2EEE846AC3A3}.Android|Any CPU.ActiveCfg = Release|x86
		{616035D5-3927-44CD-BD41-2EEE846AC3A3}.Android|Mixed Platforms.ActiveCfg = Release|x86
		{616035D5-3927-44CD-BD41-2EEE846AC3A3}.Android|Mixed Platforms.Build.0 = Release|x86
		{616035D5-3927-44CD-BD41-2EEE846AC3A3}.Android|x86.ActiveCfg = Release|x86
		{616035D5-3927-44CD-BD41-2EEE846AC3A3}.Android|x86.Build.0 = Release|x86
		{616035D5-3927-44CD-BD41-2EEE846AC3A3}.Debug|Any CPU.ActiveCfg = Debug|x86
		{616035D5-3927-44CD-BD41-2EEE846AC3A3}.Debug|Mixed Platforms.ActiveCfg = Debug|x86
		{616035D5-3927-44CD-BD41-2EEE846AC3A3}.Debug|Mixed Platforms.Build.0 = Debug|x86
		{616035D5-3927-44CD-BD41-2EEE846AC3A3}.Debug|x86.ActiveCfg = Debug|x86
		{616035D5-3927-44CD-BD41-2EEE846AC3A3}.Debug|x86.Build.0 = Debug|x86
		{616035D5-3927-44CD-BD41-2EEE846AC3A3}.iOS|Any CPU.ActiveCfg = Release|x86
		{616035D5-3927-44CD-BD41-2EEE846AC3A3}.iOS|Mixed Platforms.ActiveCfg = Release|x86
		{616035D5-3927-44CD-BD41-2EEE846AC3A3}.iOS|Mixed Platforms.Build.0 = Release|x86
		{616035D5-3927-44CD-BD41-2EEE846AC3A3}.iOS|x86.ActiveCfg = Release|x86
		{616035D5-3927-44CD-BD41-2EEE846AC3A3}.iOS|x86.Build.0 = Release|x86
		{616035D5-3927-44CD-BD41-2EEE846AC3A3}.Linux|Any CPU.ActiveCfg = Release|x86
		{616035D5-3927-44CD-BD41-2EEE846AC3A3}.Linux|Mixed Platforms.ActiveCfg = Release|x86
		{616035D5-3927-44CD-BD41-2EEE846AC3A3}.Linux|Mixed Platforms.Build.0 = Release|x86
		{616035D5-3927-44CD-BD41-2EEE846AC3A3}.Linux|x86.ActiveCfg = Release|x86
		{616035D5-3927-44CD-BD41-2EEE846AC3A3}.Linux|x86.Build.0 = Release|x86
		{616035D5-3927-44CD-BD41-2EEE846AC3A3}.OSX|Any CPU.ActiveCfg = Release|x86
		{616035D5-3927-44CD-BD41-2EEE846AC3A3}.OSX|Mixed Platforms.ActiveCfg = Release|x86
		{616035D5-3927-44CD-BD41-2EEE846AC3A3}.OSX|Mixed Platforms.Build.0 = Release|x86
		{616035D5-3927-44CD-BD41-2EEE846AC3A3}.OSX|x86.ActiveCfg = Release|x86
		{616035D5-3927-44CD-BD41-2EEE846AC3A3}.OSX|x86.Build.0 = Release|x86
		{616035D5-3927-44CD-BD41-2EEE846AC3A3}.Profile|Any CPU.ActiveCfg = Release|x86
		{616035D5-3927-44CD-BD41-2EEE846AC3A3}.Profile|Mixed Platforms.ActiveCfg = Release|x86
		{616035D5-3927-44CD-BD41-2EEE846AC3A3}.Profile|Mixed Platforms.Build.0 = Release|x86
		{616035D5-3927-44CD-BD41-2EEE846AC3A3}.Profile|x86.ActiveCfg = Release|x86
		{616035D5-3927-44CD-BD41-2EEE846AC3A3}.Profile|x86.Build.0 = Release|x86
		{616035D5-3927-44CD-BD41-2EEE846AC3A3}.PSM|Any CPU.ActiveCfg = Release|x86
		{616035D5-3927-44CD-BD41-2EEE846AC3A3}.PSM|Mixed Platforms.ActiveCfg = Release|x86
		{616035D5-3927-44CD-BD41-2EEE846AC3A3}.PSM|Mixed Platforms.Build.0 = Release|x86
		{616035D5-3927-44CD-BD41-2EEE846AC3A3}.PSM|x86.ActiveCfg = Release|x86
		{616035D5-3927-44CD-BD41-2EEE846AC3A3}.PSM|x86.Build.0 = Release|x86
		{616035D5-3927-44CD-BD41-2EEE846AC3A3}.Release|Any CPU.ActiveCfg = Release|x86
		{616035D5-3927-44CD-BD41-2EEE846AC3A3}.Release|Mixed Platforms.ActiveCfg = Release|x86
		{616035D5-3927-44CD-BD41-2EEE846AC3A3}.Release|Mixed Platforms.Build.0 = Release|x86
		{616035D5-3927-44CD-BD41-2EEE846AC3A3}.Release|x86.ActiveCfg = Release|x86
		{616035D5-3927-44CD-BD41-2EEE846AC3A3}.Release|x86.Build.0 = Release|x86
		{616035D5-3927-44CD-BD41-2EEE846AC3A3}.Windows|Any CPU.ActiveCfg = Release|x86
		{616035D5-3927-44CD-BD41-2EEE846AC3A3}.Windows|Mixed Platforms.ActiveCfg = Release|x86
		{616035D5-3927-44CD-BD41-2EEE846AC3A3}.Windows|Mixed Platforms.Build.0 = Release|x86
		{616035D5-3927-44CD-BD41-2EEE846AC3A3}.Windows|x86.ActiveCfg = Release|x86
		{616035D5-3927-44CD-BD41-2EEE846AC3A3}.Windows|x86.Build.0 = Release|x86
		{616035D5-3927-44CD-BD41-2EEE846AC3A3}.Windows8|Any CPU.ActiveCfg = Release|x86
		{616035D5-3927-44CD-BD41-2EEE846AC3A3}.Windows8|Mixed Platforms.ActiveCfg = Release|x86
		{616035D5-3927-44CD-BD41-2EEE846AC3A3}.Windows8|Mixed Platforms.Build.0 = Release|x86
		{616035D5-3927-44CD-BD41-2EEE846AC3A3}.Windows8|x86.ActiveCfg = Release|x86
		{616035D5-3927-44CD-BD41-2EEE846AC3A3}.Windows8|x86.Build.0 = Release|x86
		{CB99D0C9-FD0E-4B90-91BD-7D5816B38A2C}.Android|Any CPU.ActiveCfg = Release|x86
		{CB99D0C9-FD0E-4B90-91BD-7D5816B38A2C}.Android|Mixed Platforms.ActiveCfg = Release|x86
		{CB99D0C9-FD0E-4B90-91BD-7D5816B38A2C}.Android|Mixed Platforms.Build.0 = Release|x86
		{CB99D0C9-FD0E-4B90-91BD-7D5816B38A2C}.Android|x86.ActiveCfg = Release|x86
		{CB99D0C9-FD0E-4B90-91BD-7D5816B38A2C}.Android|x86.Build.0 = Release|x86
		{CB99D0C9-FD0E-4B90-91BD-7D5816B38A2C}.Debug|Any CPU.ActiveCfg = Debug|x86
		{CB99D0C9-FD0E-4B90-91BD-7D5816B38A2C}.Debug|Mixed Platforms.ActiveCfg = Debug|x86
		{CB99D0C9-FD0E-4B90-91BD-7D5816B38A2C}.Debug|Mixed Platforms.Build.0 = Debug|x86
		{CB99D0C9-FD0E-4B90-91BD-7D5816B38A2C}.Debug|x86.ActiveCfg = Debug|x86
		{CB99D0C9-FD0E-4B90-91BD-7D5816B38A2C}.Debug|x86.Build.0 = Debug|x86
		{CB99D0C9-FD0E-4B90-91BD-7D5816B38A2C}.iOS|Any CPU.ActiveCfg = Release|x86
		{CB99D0C9-FD0E-4B90-91BD-7D5816B38A2C}.iOS|Mixed Platforms.ActiveCfg = Release|x86
		{CB99D0C9-FD0E-4B90-91BD-7D5816B38A2C}.iOS|Mixed Platforms.Build.0 = Release|x86
		{CB99D0C9-FD0E-4B90-91BD-7D5816B38A2C}.iOS|x86.ActiveCfg = Release|x86
		{CB99D0C9-FD0E-4B90-91BD-7D5816B38A2C}.iOS|x86.Build.0 = Release|x86
		{CB99D0C9-FD0E-4B90-91BD-7D5816B38A2C}.Linux|Any CPU.ActiveCfg = Release|x86
		{CB99D0C9-FD0E-4B90-91BD-7D5816B38A2C}.Linux|Mixed Platforms.ActiveCfg = Release|x86
		{CB99D0C9-FD0E-4B90-91BD-7D5816B38A2C}.Linux|Mixed Platforms.Build.0 = Release|x86
		{CB99D0C9-FD0E-4B90-91BD-7D5816B38A2C}.Linux|x86.ActiveCfg = Release|x86
		{CB99D0C9-FD0E-4B90-91BD-7D5816B38A2C}.Linux|x86.Build.0 = Release|x86
		{CB99D0C9-FD0E-4B90-91BD-7D5816B38A2C}.OSX|Any CPU.ActiveCfg = Release|x86
		{CB99D0C9-FD0E-4B90-91BD-7D5816B38A2C}.OSX|Mixed Platforms.ActiveCfg = Release|x86
		{CB99D0C9-FD0E-4B90-91BD-7D5816B38A2C}.OSX|Mixed Platforms.Build.0 = Release|x86
		{CB99D0C9-FD0E-4B90-91BD-7D5816B38A2C}.OSX|x86.ActiveCfg = Release|x86
		{CB99D0C9-FD0E-4B90-91BD-7D5816B38A2C}.OSX|x86.Build.0 = Release|x86
		{CB99D0C9-FD0E-4B90-91BD-7D5816B38A2C}.Profile|Any CPU.ActiveCfg = Profile|x86
		{CB99D0C9-FD0E-4B90-91BD-7D5816B38A2C}.Profile|Mixed Platforms.ActiveCfg = Profile|x86
		{CB99D0C9-FD0E-4B90-91BD-7D5816B38A2C}.Profile|Mixed Platforms.Build.0 = Profile|x86
		{CB99D0C9-FD0E-4B90-91BD-7D5816B38A2C}.Profile|x86.ActiveCfg = Profile|x86
		{CB99D0C9-FD0E-4B90-91BD-7D5816B38A2C}.Profile|x86.Build.0 = Profile|x86
		{CB99D0C9-FD0E-4B90-91BD-7D5816B38A2C}.PSM|Any CPU.ActiveCfg = Profile|x86
		{CB99D0C9-FD0E-4B90-91BD-7D5816B38A2C}.PSM|Mixed Platforms.ActiveCfg = Profile|x86
		{CB99D0C9-FD0E-4B90-91BD-7D5816B38A2C}.PSM|Mixed Platforms.Build.0 = Profile|x86
		{CB99D0C9-FD0E-4B90-91BD-7D5816B38A2C}.PSM|x86.ActiveCfg = Profile|x86
		{CB99D0C9-FD0E-4B90-91BD-7D5816B38A2C}.PSM|x86.Build.0 = Profile|x86
		{CB99D0C9-FD0E-4B90-91BD-7D5816B38A2C}.Release|Any CPU.ActiveCfg = Release|x86
		{CB99D0C9-FD0E-4B90-91BD-7D5816B38A2C}.Release|Mixed Platforms.ActiveCfg = Release|x86
		{CB99D0C9-FD0E-4B90-91BD-7D5816B38A2C}.Release|Mixed Platforms.Build.0 = Release|x86
		{CB99D0C9-FD0E-4B90-91BD-7D5816B38A2C}.Release|x86.ActiveCfg = Release|x86
		{CB99D0C9-FD0E-4B90-91BD-7D5816B38A2C}.Release|x86.Build.0 = Release|x86
		{CB99D0C9-FD0E-4B90-91BD-7D5816B38A2C}.Windows|Any CPU.ActiveCfg = Release|x86
		{CB99D0C9-FD0E-4B90-91BD-7D5816B38A2C}.Windows|Mixed Platforms.ActiveCfg = Release|x86
		{CB99D0C9-FD0E-4B90-91BD-7D5816B38A2C}.Windows|Mixed Platforms.Build.0 = Release|x86
		{CB99D0C9-FD0E-4B90-91BD-7D5816B38A2C}.Windows|x86.ActiveCfg = Release|x86
		{CB99D0C9-FD0E-4B90-91BD-7D5816B38A2C}.Windows|x86.Build.0 = Release|x86
		{CB99D0C9-FD0E-4B90-91BD-7D5816B38A2C}.Windows8|Any CPU.ActiveCfg = Release|x86
		{CB99D0C9-FD0E-4B90-91BD-7D5816B38A2C}.Windows8|Mixed Platforms.ActiveCfg = Release|x86
		{CB99D0C9-FD0E-4B90-91BD-7D5816B38A2C}.Windows8|Mixed Platforms.Build.0 = Release|x86
		{CB99D0C9-FD0E-4B90-91BD-7D5816B38A2C}.Windows8|x86.ActiveCfg = Release|x86
		{CB99D0C9-FD0E-4B90-91BD-7D5816B38A2C}.Windows8|x86.Build.0 = Release|x86
		{22C89AF2-E1CF-4976-91B9-7D33773DC6E7}.Android|Any CPU.ActiveCfg = Release|Any CPU
		{22C89AF2-E1CF-4976-91B9-7D33773DC6E7}.Android|Any CPU.Build.0 = Release|Any CPU
		{22C89AF2-E1CF-4976-91B9-7D33773DC6E7}.Android|Mixed Platforms.ActiveCfg = Release|Any CPU
		{22C89AF2-E1CF-4976-91B9-7D33773DC6E7}.Android|Mixed Platforms.Build.0 = Release|Any CPU
		{22C89AF2-E1CF-4976-91B9-7D33773DC6E7}.Android|x86.ActiveCfg = Release|Any CPU
		{22C89AF2-E1CF-4976-91B9-7D33773DC6E7}.Debug|Any CPU.ActiveCfg = Debug|Any CPU
		{22C89AF2-E1CF-4976-91B9-7D33773DC6E7}.Debug|Any CPU.Build.0 = Debug|Any CPU
		{22C89AF2-E1CF-4976-91B9-7D33773DC6E7}.Debug|Mixed Platforms.ActiveCfg = Debug|Any CPU
		{22C89AF2-E1CF-4976-91B9-7D33773DC6E7}.Debug|Mixed Platforms.Build.0 = Debug|Any CPU
		{22C89AF2-E1CF-4976-91B9-7D33773DC6E7}.Debug|x86.ActiveCfg = Debug|Any CPU
		{22C89AF2-E1CF-4976-91B9-7D33773DC6E7}.iOS|Any CPU.ActiveCfg = Release|Any CPU
		{22C89AF2-E1CF-4976-91B9-7D33773DC6E7}.iOS|Any CPU.Build.0 = Release|Any CPU
		{22C89AF2-E1CF-4976-91B9-7D33773DC6E7}.iOS|Mixed Platforms.ActiveCfg = Release|Any CPU
		{22C89AF2-E1CF-4976-91B9-7D33773DC6E7}.iOS|Mixed Platforms.Build.0 = Release|Any CPU
		{22C89AF2-E1CF-4976-91B9-7D33773DC6E7}.iOS|x86.ActiveCfg = Release|Any CPU
		{22C89AF2-E1CF-4976-91B9-7D33773DC6E7}.Linux|Any CPU.ActiveCfg = Release|Any CPU
		{22C89AF2-E1CF-4976-91B9-7D33773DC6E7}.Linux|Any CPU.Build.0 = Release|Any CPU
		{22C89AF2-E1CF-4976-91B9-7D33773DC6E7}.Linux|Mixed Platforms.ActiveCfg = Release|Any CPU
		{22C89AF2-E1CF-4976-91B9-7D33773DC6E7}.Linux|Mixed Platforms.Build.0 = Release|Any CPU
		{22C89AF2-E1CF-4976-91B9-7D33773DC6E7}.Linux|x86.ActiveCfg = Release|Any CPU
		{22C89AF2-E1CF-4976-91B9-7D33773DC6E7}.OSX|Any CPU.ActiveCfg = Release|Any CPU
		{22C89AF2-E1CF-4976-91B9-7D33773DC6E7}.OSX|Any CPU.Build.0 = Release|Any CPU
		{22C89AF2-E1CF-4976-91B9-7D33773DC6E7}.OSX|Mixed Platforms.ActiveCfg = Release|Any CPU
		{22C89AF2-E1CF-4976-91B9-7D33773DC6E7}.OSX|Mixed Platforms.Build.0 = Release|Any CPU
		{22C89AF2-E1CF-4976-91B9-7D33773DC6E7}.OSX|x86.ActiveCfg = Release|Any CPU
		{22C89AF2-E1CF-4976-91B9-7D33773DC6E7}.Profile|Any CPU.ActiveCfg = Release|Any CPU
		{22C89AF2-E1CF-4976-91B9-7D33773DC6E7}.Profile|Any CPU.Build.0 = Release|Any CPU
		{22C89AF2-E1CF-4976-91B9-7D33773DC6E7}.Profile|Mixed Platforms.ActiveCfg = Release|Any CPU
		{22C89AF2-E1CF-4976-91B9-7D33773DC6E7}.Profile|Mixed Platforms.Build.0 = Release|Any CPU
		{22C89AF2-E1CF-4976-91B9-7D33773DC6E7}.Profile|x86.ActiveCfg = Release|Any CPU
		{22C89AF2-E1CF-4976-91B9-7D33773DC6E7}.PSM|Any CPU.ActiveCfg = Release|Any CPU
		{22C89AF2-E1CF-4976-91B9-7D33773DC6E7}.PSM|Any CPU.Build.0 = Release|Any CPU
		{22C89AF2-E1CF-4976-91B9-7D33773DC6E7}.PSM|Mixed Platforms.ActiveCfg = Release|Any CPU
		{22C89AF2-E1CF-4976-91B9-7D33773DC6E7}.PSM|Mixed Platforms.Build.0 = Release|Any CPU
		{22C89AF2-E1CF-4976-91B9-7D33773DC6E7}.PSM|x86.ActiveCfg = Release|Any CPU
		{22C89AF2-E1CF-4976-91B9-7D33773DC6E7}.Release|Any CPU.ActiveCfg = Release|Any CPU
		{22C89AF2-E1CF-4976-91B9-7D33773DC6E7}.Release|Any CPU.Build.0 = Release|Any CPU
		{22C89AF2-E1CF-4976-91B9-7D33773DC6E7}.Release|Mixed Platforms.ActiveCfg = Release|Any CPU
		{22C89AF2-E1CF-4976-91B9-7D33773DC6E7}.Release|Mixed Platforms.Build.0 = Release|Any CPU
		{22C89AF2-E1CF-4976-91B9-7D33773DC6E7}.Release|x86.ActiveCfg = Release|Any CPU
		{22C89AF2-E1CF-4976-91B9-7D33773DC6E7}.Windows|Any CPU.ActiveCfg = Release|Any CPU
		{22C89AF2-E1CF-4976-91B9-7D33773DC6E7}.Windows|Any CPU.Build.0 = Release|Any CPU
		{22C89AF2-E1CF-4976-91B9-7D33773DC6E7}.Windows|Mixed Platforms.ActiveCfg = Release|Any CPU
		{22C89AF2-E1CF-4976-91B9-7D33773DC6E7}.Windows|Mixed Platforms.Build.0 = Release|Any CPU
		{22C89AF2-E1CF-4976-91B9-7D33773DC6E7}.Windows|x86.ActiveCfg = Release|Any CPU
		{22C89AF2-E1CF-4976-91B9-7D33773DC6E7}.Windows8|Any CPU.ActiveCfg = Release|Any CPU
		{22C89AF2-E1CF-4976-91B9-7D33773DC6E7}.Windows8|Any CPU.Build.0 = Release|Any CPU
		{22C89AF2-E1CF-4976-91B9-7D33773DC6E7}.Windows8|Mixed Platforms.ActiveCfg = Release|Any CPU
		{22C89AF2-E1CF-4976-91B9-7D33773DC6E7}.Windows8|Mixed Platforms.Build.0 = Release|Any CPU
		{22C89AF2-E1CF-4976-91B9-7D33773DC6E7}.Windows8|x86.ActiveCfg = Release|Any CPU
		{2A052893-E00B-4EE3-BE8B-C249B40027FF}.Android|Any CPU.ActiveCfg = Release|x86
		{2A052893-E00B-4EE3-BE8B-C249B40027FF}.Android|Mixed Platforms.ActiveCfg = Release|x86
		{2A052893-E00B-4EE3-BE8B-C249B40027FF}.Android|Mixed Platforms.Build.0 = Release|x86
		{2A052893-E00B-4EE3-BE8B-C249B40027FF}.Android|x86.ActiveCfg = Release|x86
		{2A052893-E00B-4EE3-BE8B-C249B40027FF}.Android|x86.Build.0 = Release|x86
		{2A052893-E00B-4EE3-BE8B-C249B40027FF}.Debug|Any CPU.ActiveCfg = Debug|x86
		{2A052893-E00B-4EE3-BE8B-C249B40027FF}.Debug|Mixed Platforms.ActiveCfg = Debug|x86
		{2A052893-E00B-4EE3-BE8B-C249B40027FF}.Debug|Mixed Platforms.Build.0 = Debug|x86
		{2A052893-E00B-4EE3-BE8B-C249B40027FF}.Debug|x86.ActiveCfg = Debug|x86
		{2A052893-E00B-4EE3-BE8B-C249B40027FF}.Debug|x86.Build.0 = Debug|x86
		{2A052893-E00B-4EE3-BE8B-C249B40027FF}.iOS|Any CPU.ActiveCfg = Release|x86
		{2A052893-E00B-4EE3-BE8B-C249B40027FF}.iOS|Mixed Platforms.ActiveCfg = Release|x86
		{2A052893-E00B-4EE3-BE8B-C249B40027FF}.iOS|Mixed Platforms.Build.0 = Release|x86
		{2A052893-E00B-4EE3-BE8B-C249B40027FF}.iOS|x86.ActiveCfg = Release|x86
		{2A052893-E00B-4EE3-BE8B-C249B40027FF}.iOS|x86.Build.0 = Release|x86
		{2A052893-E00B-4EE3-BE8B-C249B40027FF}.Linux|Any CPU.ActiveCfg = Release|x86
		{2A052893-E00B-4EE3-BE8B-C249B40027FF}.Linux|Mixed Platforms.ActiveCfg = Release|x86
		{2A052893-E00B-4EE3-BE8B-C249B40027FF}.Linux|Mixed Platforms.Build.0 = Release|x86
		{2A052893-E00B-4EE3-BE8B-C249B40027FF}.Linux|x86.ActiveCfg = Release|x86
		{2A052893-E00B-4EE3-BE8B-C249B40027FF}.Linux|x86.Build.0 = Release|x86
		{2A052893-E00B-4EE3-BE8B-C249B40027FF}.OSX|Any CPU.ActiveCfg = Release|x86
		{2A052893-E00B-4EE3-BE8B-C249B40027FF}.OSX|Mixed Platforms.ActiveCfg = Release|x86
		{2A052893-E00B-4EE3-BE8B-C249B40027FF}.OSX|Mixed Platforms.Build.0 = Release|x86
		{2A052893-E00B-4EE3-BE8B-C249B40027FF}.OSX|x86.ActiveCfg = Release|x86
		{2A052893-E00B-4EE3-BE8B-C249B40027FF}.OSX|x86.Build.0 = Release|x86
		{2A052893-E00B-4EE3-BE8B-C249B40027FF}.Profile|Any CPU.ActiveCfg = Release|x86
		{2A052893-E00B-4EE3-BE8B-C249B40027FF}.Profile|Mixed Platforms.ActiveCfg = Release|x86
		{2A052893-E00B-4EE3-BE8B-C249B40027FF}.Profile|Mixed Platforms.Build.0 = Release|x86
		{2A052893-E00B-4EE3-BE8B-C249B40027FF}.Profile|x86.ActiveCfg = Release|x86
		{2A052893-E00B-4EE3-BE8B-C249B40027FF}.Profile|x86.Build.0 = Release|x86
		{2A052893-E00B-4EE3-BE8B-C249B40027FF}.PSM|Any CPU.ActiveCfg = Release|x86
		{2A052893-E00B-4EE3-BE8B-C249B40027FF}.PSM|Mixed Platforms.ActiveCfg = Release|x86
		{2A052893-E00B-4EE3-BE8B-C249B40027FF}.PSM|Mixed Platforms.Build.0 = Release|x86
		{2A052893-E00B-4EE3-BE8B-C249B40027FF}.PSM|x86.ActiveCfg = Release|x86
		{2A052893-E00B-4EE3-BE8B-C249B40027FF}.PSM|x86.Build.0 = Release|x86
		{2A052893-E00B-4EE3-BE8B-C249B40027FF}.Release|Any CPU.ActiveCfg = Release|x86
		{2A052893-E00B-4EE3-BE8B-C249B40027FF}.Release|Mixed Platforms.ActiveCfg = Release|x86
		{2A052893-E00B-4EE3-BE8B-C249B40027FF}.Release|Mixed Platforms.Build.0 = Release|x86
		{2A052893-E00B-4EE3-BE8B-C249B40027FF}.Release|x86.ActiveCfg = Release|x86
		{2A052893-E00B-4EE3-BE8B-C249B40027FF}.Release|x86.Build.0 = Release|x86
		{2A052893-E00B-4EE3-BE8B-C249B40027FF}.Windows|Any CPU.ActiveCfg = Release|x86
		{2A052893-E00B-4EE3-BE8B-C249B40027FF}.Windows|Mixed Platforms.ActiveCfg = Release|x86
		{2A052893-E00B-4EE3-BE8B-C249B40027FF}.Windows|Mixed Platforms.Build.0 = Release|x86
		{2A052893-E00B-4EE3-BE8B-C249B40027FF}.Windows|x86.ActiveCfg = Release|x86
		{2A052893-E00B-4EE3-BE8B-C249B40027FF}.Windows|x86.Build.0 = Release|x86
		{2A052893-E00B-4EE3-BE8B-C249B40027FF}.Windows8|Any CPU.ActiveCfg = Release|x86
		{2A052893-E00B-4EE3-BE8B-C249B40027FF}.Windows8|Mixed Platforms.ActiveCfg = Release|x86
		{2A052893-E00B-4EE3-BE8B-C249B40027FF}.Windows8|Mixed Platforms.Build.0 = Release|x86
		{2A052893-E00B-4EE3-BE8B-C249B40027FF}.Windows8|x86.ActiveCfg = Release|x86
		{2A052893-E00B-4EE3-BE8B-C249B40027FF}.Windows8|x86.Build.0 = Release|x86
		{4FA7EE8F-105B-43D0-89BF-1DE3383210D4}.Android|Any CPU.ActiveCfg = Release|x86
		{4FA7EE8F-105B-43D0-89BF-1DE3383210D4}.Android|Mixed Platforms.ActiveCfg = Release|x86
		{4FA7EE8F-105B-43D0-89BF-1DE3383210D4}.Android|x86.ActiveCfg = Release|x86
		{4FA7EE8F-105B-43D0-89BF-1DE3383210D4}.Debug|Any CPU.ActiveCfg = Debug|x86
		{4FA7EE8F-105B-43D0-89BF-1DE3383210D4}.Debug|Mixed Platforms.ActiveCfg = Debug|x86
		{4FA7EE8F-105B-43D0-89BF-1DE3383210D4}.Debug|x86.ActiveCfg = Debug|x86
		{4FA7EE8F-105B-43D0-89BF-1DE3383210D4}.iOS|Any CPU.ActiveCfg = Release|x86
		{4FA7EE8F-105B-43D0-89BF-1DE3383210D4}.iOS|Mixed Platforms.ActiveCfg = Release|x86
		{4FA7EE8F-105B-43D0-89BF-1DE3383210D4}.iOS|x86.ActiveCfg = Release|x86
		{4FA7EE8F-105B-43D0-89BF-1DE3383210D4}.Linux|Any CPU.ActiveCfg = Release|x86
		{4FA7EE8F-105B-43D0-89BF-1DE3383210D4}.Linux|Mixed Platforms.ActiveCfg = Release|x86
		{4FA7EE8F-105B-43D0-89BF-1DE3383210D4}.Linux|x86.ActiveCfg = Release|x86
		{4FA7EE8F-105B-43D0-89BF-1DE3383210D4}.OSX|Any CPU.ActiveCfg = Release|x86
		{4FA7EE8F-105B-43D0-89BF-1DE3383210D4}.OSX|Mixed Platforms.ActiveCfg = Release|x86
		{4FA7EE8F-105B-43D0-89BF-1DE3383210D4}.OSX|x86.ActiveCfg = Release|x86
		{4FA7EE8F-105B-43D0-89BF-1DE3383210D4}.Profile|Any CPU.ActiveCfg = Release|x86
		{4FA7EE8F-105B-43D0-89BF-1DE3383210D4}.Profile|Mixed Platforms.ActiveCfg = Release|x86
		{4FA7EE8F-105B-43D0-89BF-1DE3383210D4}.Profile|x86.ActiveCfg = Release|x86
		{4FA7EE8F-105B-43D0-89BF-1DE3383210D4}.PSM|Any CPU.ActiveCfg = Release|x86
		{4FA7EE8F-105B-43D0-89BF-1DE3383210D4}.PSM|Mixed Platforms.ActiveCfg = Release|x86
		{4FA7EE8F-105B-43D0-89BF-1DE3383210D4}.PSM|x86.ActiveCfg = Release|x86
		{4FA7EE8F-105B-43D0-89BF-1DE3383210D4}.Release|Any CPU.ActiveCfg = Release|x86
		{4FA7EE8F-105B-43D0-89BF-1DE3383210D4}.Release|Mixed Platforms.ActiveCfg = Release|x86
		{4FA7EE8F-105B-43D0-89BF-1DE3383210D4}.Release|x86.ActiveCfg = Release|x86
		{4FA7EE8F-105B-43D0-89BF-1DE3383210D4}.Windows|Any CPU.ActiveCfg = Release|x86
		{4FA7EE8F-105B-43D0-89BF-1DE3383210D4}.Windows|Mixed Platforms.ActiveCfg = Release|x86
		{4FA7EE8F-105B-43D0-89BF-1DE3383210D4}.Windows|x86.ActiveCfg = Release|x86
		{4FA7EE8F-105B-43D0-89BF-1DE3383210D4}.Windows8|Any CPU.ActiveCfg = Release|x86
		{4FA7EE8F-105B-43D0-89BF-1DE3383210D4}.Windows8|Mixed Platforms.ActiveCfg = Release|x86
		{4FA7EE8F-105B-43D0-89BF-1DE3383210D4}.Windows8|x86.ActiveCfg = Release|x86
	EndGlobalSection
	GlobalSection(SolutionProperties) = preSolution
		HideSolutionNode = FALSE
	EndGlobalSection
EndGlobal
