
Microsoft Visual Studio Solution File, Format Version 12.00
# Visual Studio 2012
Project("{FAE04EC0-301F-11D3-BF4B-00C04F79EFBC}") = "Game1", "Game1\Game1.csproj", "{E5FF8DD9-AF01-4936-B619-7F0FD9F80E2F}"
EndProject
Project("{FAE04EC0-301F-11D3-BF4B-00C04F79EFBC}") = "Artemis", "Artemis\Artemis.csproj", "{AC0F66A6-2EA0-4AF2-B641-4BA813EBF738}"
EndProject
Project("{FAE04EC0-301F-11D3-BF4B-00C04F79EFBC}") = "TTengine", "TTengine\TTengine.csproj", "{639B4E0F-F18D-482A-B82D-78464B07F60D}"
	ProjectSection(ProjectDependencies) = postProject
		{AC0F66A6-2EA0-4AF2-B641-4BA813EBF738} = {AC0F66A6-2EA0-4AF2-B641-4BA813EBF738}
	EndProjectSection
EndProject
Project("{FAE04EC0-301F-11D3-BF4B-00C04F79EFBC}") = "TTengineTest", "TTengineTest\TTengineTest.csproj", "{9C1C5F40-F9E8-40EE-B536-EBF8DAF58335}"
	ProjectSection(ProjectDependencies) = postProject
		{639B4E0F-F18D-482A-B82D-78464B07F60D} = {639B4E0F-F18D-482A-B82D-78464B07F60D}
	EndProjectSection
EndProject
Global
	GlobalSection(SolutionConfigurationPlatforms) = preSolution
		Debug|Any CPU = Debug|Any CPU
		Debug|Mixed Platforms = Debug|Mixed Platforms
		Debug|x86 = Debug|x86
		Release|Any CPU = Release|Any CPU
		Release|Mixed Platforms = Release|Mixed Platforms
		Release|x86 = Release|x86
	EndGlobalSection
	GlobalSection(ProjectConfigurationPlatforms) = postSolution
		{E5FF8DD9-AF01-4936-B619-7F0FD9F80E2F}.Debug|Any CPU.ActiveCfg = Debug|x86
		{E5FF8DD9-AF01-4936-B619-7F0FD9F80E2F}.Debug|Mixed Platforms.ActiveCfg = Debug|x86
		{E5FF8DD9-AF01-4936-B619-7F0FD9F80E2F}.Debug|Mixed Platforms.Build.0 = Debug|x86
		{E5FF8DD9-AF01-4936-B619-7F0FD9F80E2F}.Debug|x86.ActiveCfg = Debug|x86
		{E5FF8DD9-AF01-4936-B619-7F0FD9F80E2F}.Debug|x86.Build.0 = Debug|x86
		{E5FF8DD9-AF01-4936-B619-7F0FD9F80E2F}.Release|Any CPU.ActiveCfg = Release|x86
		{E5FF8DD9-AF01-4936-B619-7F0FD9F80E2F}.Release|Mixed Platforms.ActiveCfg = Release|x86
		{E5FF8DD9-AF01-4936-B619-7F0FD9F80E2F}.Release|Mixed Platforms.Build.0 = Release|x86
		{E5FF8DD9-AF01-4936-B619-7F0FD9F80E2F}.Release|x86.ActiveCfg = Release|x86
		{E5FF8DD9-AF01-4936-B619-7F0FD9F80E2F}.Release|x86.Build.0 = Release|x86
		{AC0F66A6-2EA0-4AF2-B641-4BA813EBF738}.Debug|Any CPU.ActiveCfg = Debug|Any CPU
		{AC0F66A6-2EA0-4AF2-B641-4BA813EBF738}.Debug|Any CPU.Build.0 = Debug|Any CPU
		{AC0F66A6-2EA0-4AF2-B641-4BA813EBF738}.Debug|Mixed Platforms.ActiveCfg = Debug|Any CPU
		{AC0F66A6-2EA0-4AF2-B641-4BA813EBF738}.Debug|Mixed Platforms.Build.0 = Debug|Any CPU
		{AC0F66A6-2EA0-4AF2-B641-4BA813EBF738}.Debug|x86.ActiveCfg = Debug|Any CPU
		{AC0F66A6-2EA0-4AF2-B641-4BA813EBF738}.Release|Any CPU.ActiveCfg = Release|Any CPU
		{AC0F66A6-2EA0-4AF2-B641-4BA813EBF738}.Release|Any CPU.Build.0 = Release|Any CPU
		{AC0F66A6-2EA0-4AF2-B641-4BA813EBF738}.Release|Mixed Platforms.ActiveCfg = Release|Any CPU
		{AC0F66A6-2EA0-4AF2-B641-4BA813EBF738}.Release|Mixed Platforms.Build.0 = Release|Any CPU
		{AC0F66A6-2EA0-4AF2-B641-4BA813EBF738}.Release|x86.ActiveCfg = Release|Any CPU
		{639B4E0F-F18D-482A-B82D-78464B07F60D}.Debug|Any CPU.ActiveCfg = Debug|x86
		{639B4E0F-F18D-482A-B82D-78464B07F60D}.Debug|Mixed Platforms.ActiveCfg = Debug|x86
		{639B4E0F-F18D-482A-B82D-78464B07F60D}.Debug|Mixed Platforms.Build.0 = Debug|x86
		{639B4E0F-F18D-482A-B82D-78464B07F60D}.Debug|x86.ActiveCfg = Debug|x86
		{639B4E0F-F18D-482A-B82D-78464B07F60D}.Debug|x86.Build.0 = Debug|x86
		{639B4E0F-F18D-482A-B82D-78464B07F60D}.Release|Any CPU.ActiveCfg = Release|x86
		{639B4E0F-F18D-482A-B82D-78464B07F60D}.Release|Mixed Platforms.ActiveCfg = Release|x86
		{639B4E0F-F18D-482A-B82D-78464B07F60D}.Release|Mixed Platforms.Build.0 = Release|x86
		{639B4E0F-F18D-482A-B82D-78464B07F60D}.Release|x86.ActiveCfg = Release|x86
		{639B4E0F-F18D-482A-B82D-78464B07F60D}.Release|x86.Build.0 = Release|x86
		{9C1C5F40-F9E8-40EE-B536-EBF8DAF58335}.Debug|Any CPU.ActiveCfg = Debug|x86
		{9C1C5F40-F9E8-40EE-B536-EBF8DAF58335}.Debug|Mixed Platforms.ActiveCfg = Debug|x86
		{9C1C5F40-F9E8-40EE-B536-EBF8DAF58335}.Debug|Mixed Platforms.Build.0 = Debug|x86
		{9C1C5F40-F9E8-40EE-B536-EBF8DAF58335}.Debug|x86.ActiveCfg = Debug|x86
		{9C1C5F40-F9E8-40EE-B536-EBF8DAF58335}.Debug|x86.Build.0 = Debug|x86
		{9C1C5F40-F9E8-40EE-B536-EBF8DAF58335}.Release|Any CPU.ActiveCfg = Release|x86
		{9C1C5F40-F9E8-40EE-B536-EBF8DAF58335}.Release|Mixed Platforms.ActiveCfg = Release|x86
		{9C1C5F40-F9E8-40EE-B536-EBF8DAF58335}.Release|Mixed Platforms.Build.0 = Release|x86
		{9C1C5F40-F9E8-40EE-B536-EBF8DAF58335}.Release|x86.ActiveCfg = Release|x86
		{9C1C5F40-F9E8-40EE-B536-EBF8DAF58335}.Release|x86.Build.0 = Release|x86
	EndGlobalSection
	GlobalSection(SolutionProperties) = preSolution
		HideSolutionNode = FALSE
	EndGlobalSection
EndGlobal
